// !$*UTF8*$!
{
	archiveVersion = 1;
	classes = {
	};
	objectVersion = 50;
	objects = {

/* Begin PBXBuildFile section */
		C3F55888271712D700E845FF /* main.swift in Sources */ = {isa = PBXBuildFile; fileRef = C3F5587F2716F59A00E845FF /* main.swift */; };
		C3F55896271B036400E845FF /* FamilyMember.swift in Sources */ = {isa = PBXBuildFile; fileRef = C3F55895271B036400E845FF /* FamilyMember.swift */; };
		C3F55898271B038A00E845FF /* Father.swift in Sources */ = {isa = PBXBuildFile; fileRef = C3F55897271B038A00E845FF /* Father.swift */; };
		C3F5589A271B03C000E845FF /* Mother.swift in Sources */ = {isa = PBXBuildFile; fileRef = C3F55899271B03C000E845FF /* Mother.swift */; };
		C3F5589C271B03E100E845FF /* Family.swift in Sources */ = {isa = PBXBuildFile; fileRef = C3F5589B271B03E100E845FF /* Family.swift */; };
		C3F5589E271B03FD00E845FF /* Child.swift in Sources */ = {isa = PBXBuildFile; fileRef = C3F5589D271B03FD00E845FF /* Child.swift */; };
/* End PBXBuildFile section */

/* Begin PBXCopyFilesBuildPhase section */
		C3F5587A2716F59A00E845FF /* CopyFiles */ = {
			isa = PBXCopyFilesBuildPhase;
			buildActionMask = 2147483647;
			dstPath = /usr/share/man/man1/;
			dstSubfolderSpec = 0;
			files = (
			);
			runOnlyForDeploymentPostprocessing = 1;
		};
/* End PBXCopyFilesBuildPhase section */

/* Begin PBXFileReference section */
		C3F5587C2716F59A00E845FF /* Lesson22 */ = {isa = PBXFileReference; explicitFileType = "compiled.mach-o.executable"; includeInIndex = 0; path = Lesson22; sourceTree = BUILT_PRODUCTS_DIR; };
		C3F5587F2716F59A00E845FF /* main.swift */ = {isa = PBXFileReference; lastKnownFileType = sourcecode.swift; path = main.swift; sourceTree = "<group>"; };
		C3F558892717139000E845FF /* Lesson.swift */ = {isa = PBXFileReference; lastKnownFileType = sourcecode.swift; path = Lesson.swift; sourceTree = "<group>"; };
		C3F5588D27197A0600E845FF /* CycleOfStrong.swift */ = {isa = PBXFileReference; lastKnownFileType = sourcecode.swift; path = CycleOfStrong.swift; sourceTree = "<group>"; };
		C3F5588E27197A2500E845FF /* ARC.swift */ = {isa = PBXFileReference; lastKnownFileType = sourcecode.swift; path = ARC.swift; sourceTree = "<group>"; };
		C3F5588F271AE9A700E845FF /* Weak.swift */ = {isa = PBXFileReference; lastKnownFileType = sourcecode.swift; path = Weak.swift; sourceTree = "<group>"; };
		C3F55890271AF2BA00E845FF /* Unowned.swift */ = {isa = PBXFileReference; lastKnownFileType = sourcecode.swift; path = Unowned.swift; sourceTree = "<group>"; };
		C3F55891271B01C500E845FF /* Closures_CaptureList.swift */ = {isa = PBXFileReference; lastKnownFileType = sourcecode.swift; path = Closures_CaptureList.swift; sourceTree = "<group>"; };
		C3F55895271B036400E845FF /* FamilyMember.swift */ = {isa = PBXFileReference; lastKnownFileType = sourcecode.swift; path = FamilyMember.swift; sourceTree = "<group>"; };
		C3F55897271B038A00E845FF /* Father.swift */ = {isa = PBXFileReference; lastKnownFileType = sourcecode.swift; path = Father.swift; sourceTree = "<group>"; };
		C3F55899271B03C000E845FF /* Mother.swift */ = {isa = PBXFileReference; lastKnownFileType = sourcecode.swift; path = Mother.swift; sourceTree = "<group>"; };
		C3F5589B271B03E100E845FF /* Family.swift */ = {isa = PBXFileReference; lastKnownFileType = sourcecode.swift; path = Family.swift; sourceTree = "<group>"; };
		C3F5589D271B03FD00E845FF /* Child.swift */ = {isa = PBXFileReference; lastKnownFileType = sourcecode.swift; path = Child.swift; sourceTree = "<group>"; };
/* End PBXFileReference section */

/* Begin PBXFrameworksBuildPhase section */
		C3F558792716F59A00E845FF /* Frameworks */ = {
			isa = PBXFrameworksBuildPhase;
			buildActionMask = 2147483647;
			files = (
			);
			runOnlyForDeploymentPostprocessing = 0;
		};
/* End PBXFrameworksBuildPhase section */

/* Begin PBXGroup section */
		C3F558732716F59A00E845FF = {
			isa = PBXGroup;
			children = (
				C3F55890271AF2BA00E845FF /* Unowned.swift */,
				C3F55891271B01C500E845FF /* Closures_CaptureList.swift */,
				C3F558892717139000E845FF /* Lesson.swift */,
				C3F5588F271AE9A700E845FF /* Weak.swift */,
				C3F5588E27197A2500E845FF /* ARC.swift */,
				C3F5588D27197A0600E845FF /* CycleOfStrong.swift */,
				C3F5587E2716F59A00E845FF /* Lesson22 */,
				C3F5587D2716F59A00E845FF /* Products */,
			);
			sourceTree = "<group>";
		};
		C3F5587D2716F59A00E845FF /* Products */ = {
			isa = PBXGroup;
			children = (
				C3F5587C2716F59A00E845FF /* Lesson22 */,
			);
			name = Products;
			sourceTree = "<group>";
		};
		C3F5587E2716F59A00E845FF /* Lesson22 */ = {
			isa = PBXGroup;
			children = (
				C3F5587F2716F59A00E845FF /* main.swift */,
				C3F55895271B036400E845FF /* FamilyMember.swift */,
				C3F55897271B038A00E845FF /* Father.swift */,
				C3F55899271B03C000E845FF /* Mother.swift */,
				C3F5589D271B03FD00E845FF /* Child.swift */,
				C3F5589B271B03E100E845FF /* Family.swift */,
			);
			path = Lesson22;
			sourceTree = "<group>";
		};
/* End PBXGroup section */

/* Begin PBXNativeTarget section */
		C3F5587B2716F59A00E845FF /* Lesson22 */ = {
			isa = PBXNativeTarget;
			buildConfigurationList = C3F558832716F59A00E845FF /* Build configuration list for PBXNativeTarget "Lesson22" */;
			buildPhases = (
				C3F558782716F59A00E845FF /* Sources */,
				C3F558792716F59A00E845FF /* Frameworks */,
				C3F5587A2716F59A00E845FF /* CopyFiles */,
			);
			buildRules = (
			);
			dependencies = (
			);
			name = Lesson22;
			productName = Lesson22;
			productReference = C3F5587C2716F59A00E845FF /* Lesson22 */;
			productType = "com.apple.product-type.tool";
		};
/* End PBXNativeTarget section */

/* Begin PBXProject section */
		C3F558742716F59A00E845FF /* Project object */ = {
			isa = PBXProject;
			attributes = {
				LastSwiftUpdateCheck = 1250;
				LastUpgradeCheck = 1250;
				TargetAttributes = {
					C3F5587B2716F59A00E845FF = {
						CreatedOnToolsVersion = 12.5.1;
					};
				};
			};
			buildConfigurationList = C3F558772716F59A00E845FF /* Build configuration list for PBXProject "Lesson22" */;
			compatibilityVersion = "Xcode 9.3";
			developmentRegion = en;
			hasScannedForEncodings = 0;
			knownRegions = (
				en,
				Base,
			);
			mainGroup = C3F558732716F59A00E845FF;
			productRefGroup = C3F5587D2716F59A00E845FF /* Products */;
			projectDirPath = "";
			projectRoot = "";
			targets = (
				C3F5587B2716F59A00E845FF /* Lesson22 */,
			);
		};
/* End PBXProject section */

/* Begin PBXSourcesBuildPhase section */
		C3F558782716F59A00E845FF /* Sources */ = {
			isa = PBXSourcesBuildPhase;
			buildActionMask = 2147483647;
			files = (
				C3F5589C271B03E100E845FF /* Family.swift in Sources */,
				C3F55888271712D700E845FF /* main.swift in Sources */,
				C3F5589E271B03FD00E845FF /* Child.swift in Sources */,
				C3F55896271B036400E845FF /* FamilyMember.swift in Sources */,
				C3F5589A271B03C000E845FF /* Mother.swift in Sources */,
				C3F55898271B038A00E845FF /* Father.swift in Sources */,
			);
			runOnlyForDeploymentPostprocessing = 0;
		};
/* End PBXSourcesBuildPhase section */

/* Begin XCBuildConfiguration section */
		C3F558812716F59A00E845FF /* Debug */ = {
			isa = XCBuildConfiguration;
			buildSettings = {
				ALWAYS_SEARCH_USER_PATHS = NO;
				CLANG_ANALYZER_NONNULL = YES;
				CLANG_ANALYZER_NUMBER_OBJECT_CONVERSION = YES_AGGRESSIVE;
				CLANG_CXX_LANGUAGE_STANDARD = "gnu++14";
				CLANG_CXX_LIBRARY = "libc++";
				CLANG_ENABLE_MODULES = YES;
				CLANG_ENABLE_OBJC_ARC = YES;
				CLANG_ENABLE_OBJC_WEAK = YES;
				CLANG_WARN_BLOCK_CAPTURE_AUTORELEASING = YES;
				CLANG_WARN_BOOL_CONVERSION = YES;
				CLANG_WARN_COMMA = YES;
				CLANG_WARN_CONSTANT_CONVERSION = YES;
				CLANG_WARN_DEPRECATED_OBJC_IMPLEMENTATIONS = YES;
				CLANG_WARN_DIRECT_OBJC_ISA_USAGE = YES_ERROR;
				CLANG_WARN_DOCUMENTATION_COMMENTS = YES;
				CLANG_WARN_EMPTY_BODY = YES;
				CLANG_WARN_ENUM_CONVERSION = YES;
				CLANG_WARN_INFINITE_RECURSION = YES;
				CLANG_WARN_INT_CONVERSION = YES;
				CLANG_WARN_NON_LITERAL_NULL_CONVERSION = YES;
				CLANG_WARN_OBJC_IMPLICIT_RETAIN_SELF = YES;
				CLANG_WARN_OBJC_LITERAL_CONVERSION = YES;
				CLANG_WARN_OBJC_ROOT_CLASS = YES_ERROR;
				CLANG_WARN_QUOTED_INCLUDE_IN_FRAMEWORK_HEADER = YES;
				CLANG_WARN_RANGE_LOOP_ANALYSIS = YES;
				CLANG_WARN_STRICT_PROTOTYPES = YES;
				CLANG_WARN_SUSPICIOUS_MOVE = YES;
				CLANG_WARN_UNGUARDED_AVAILABILITY = YES_AGGRESSIVE;
				CLANG_WARN_UNREACHABLE_CODE = YES;
				CLANG_WARN__DUPLICATE_METHOD_MATCH = YES;
				COPY_PHASE_STRIP = NO;
				DEBUG_INFORMATION_FORMAT = dwarf;
				ENABLE_STRICT_OBJC_MSGSEND = YES;
				ENABLE_TESTABILITY = YES;
				GCC_C_LANGUAGE_STANDARD = gnu11;
				GCC_DYNAMIC_NO_PIC = NO;
				GCC_NO_COMMON_BLOCKS = YES;
				GCC_OPTIMIZATION_LEVEL = 0;
				GCC_PREPROCESSOR_DEFINITIONS = (
					"DEBUG=1",
					"$(inherited)",
				);
				GCC_WARN_64_TO_32_BIT_CONVERSION = YES;
				GCC_WARN_ABOUT_RETURN_TYPE = YES_ERROR;
				GCC_WARN_UNDECLARED_SELECTOR = YES;
				GCC_WARN_UNINITIALIZED_AUTOS = YES_AGGRESSIVE;
				GCC_WARN_UNUSED_FUNCTION = YES;
				GCC_WARN_UNUSED_VARIABLE = YES;
				MACOSX_DEPLOYMENT_TARGET = 11.3;
				MTL_ENABLE_DEBUG_INFO = INCLUDE_SOURCE;
				MTL_FAST_MATH = YES;
				ONLY_ACTIVE_ARCH = YES;
				SDKROOT = macosx;
				SWIFT_ACTIVE_COMPILATION_CONDITIONS = DEBUG;
				SWIFT_OPTIMIZATION_LEVEL = "-Onone";
			};
			name = Debug;
		};
		C3F558822716F59A00E845FF /* Release */ = {
			isa = XCBuildConfiguration;
			buildSettings = {
				ALWAYS_SEARCH_USER_PATHS = NO;
				CLANG_ANALYZER_NONNULL = YES;
				CLANG_ANALYZER_NUMBER_OBJECT_CONVERSION = YES_AGGRESSIVE;
				CLANG_CXX_LANGUAGE_STANDARD = "gnu++14";
				CLANG_CXX_LIBRARY = "libc++";
				CLANG_ENABLE_MODULES = YES;
				CLANG_ENABLE_OBJC_ARC = YES;
				CLANG_ENABLE_OBJC_WEAK = YES;
				CLANG_WARN_BLOCK_CAPTURE_AUTORELEASING = YES;
				CLANG_WARN_BOOL_CONVERSION = YES;
				CLANG_WARN_COMMA = YES;
				CLANG_WARN_CONSTANT_CONVERSION = YES;
				CLANG_WARN_DEPRECATED_OBJC_IMPLEMENTATIONS = YES;
				CLANG_WARN_DIRECT_OBJC_ISA_USAGE = YES_ERROR;
				CLANG_WARN_DOCUMENTATION_COMMENTS = YES;
				CLANG_WARN_EMPTY_BODY = YES;
				CLANG_WARN_ENUM_CONVERSION = YES;
				CLANG_WARN_INFINITE_RECURSION = YES;
				CLANG_WARN_INT_CONVERSION = YES;
				CLANG_WARN_NON_LITERAL_NULL_CONVERSION = YES;
				CLANG_WARN_OBJC_IMPLICIT_RETAIN_SELF = YES;
				CLANG_WARN_OBJC_LITERAL_CONVERSION = YES;
				CLANG_WARN_OBJC_ROOT_CLASS = YES_ERROR;
				CLANG_WARN_QUOTED_INCLUDE_IN_FRAMEWORK_HEADER = YES;
				CLANG_WARN_RANGE_LOOP_ANALYSIS = YES;
				CLANG_WARN_STRICT_PROTOTYPES = YES;
				CLANG_WARN_SUSPICIOUS_MOVE = YES;
				CLANG_WARN_UNGUARDED_AVAILABILITY = YES_AGGRESSIVE;
				CLANG_WARN_UNREACHABLE_CODE = YES;
				CLANG_WARN__DUPLICATE_METHOD_MATCH = YES;
				COPY_PHASE_STRIP = NO;
				DEBUG_INFORMATION_FORMAT = "dwarf-with-dsym";
				ENABLE_NS_ASSERTIONS = NO;
				ENABLE_STRICT_OBJC_MSGSEND = YES;
				GCC_C_LANGUAGE_STANDARD = gnu11;
				GCC_NO_COMMON_BLOCKS = YES;
				GCC_WARN_64_TO_32_BIT_CONVERSION = YES;
				GCC_WARN_ABOUT_RETURN_TYPE = YES_ERROR;
				GCC_WARN_UNDECLARED_SELECTOR = YES;
				GCC_WARN_UNINITIALIZED_AUTOS = YES_AGGRESSIVE;
				GCC_WARN_UNUSED_FUNCTION = YES;
				GCC_WARN_UNUSED_VARIABLE = YES;
				MACOSX_DEPLOYMENT_TARGET = 11.3;
				MTL_ENABLE_DEBUG_INFO = NO;
				MTL_FAST_MATH = YES;
				SDKROOT = macosx;
				SWIFT_COMPILATION_MODE = wholemodule;
				SWIFT_OPTIMIZATION_LEVEL = "-O";
			};
			name = Release;
		};
		C3F558842716F59A00E845FF /* Debug */ = {
			isa = XCBuildConfiguration;
			buildSettings = {
				CODE_SIGN_STYLE = Automatic;
				DEVELOPMENT_TEAM = UNY6DAB8X7;
				ENABLE_HARDENED_RUNTIME = YES;
				PRODUCT_NAME = "$(TARGET_NAME)";
				SWIFT_VERSION = 5.0;
			};
			name = Debug;
		};
		C3F558852716F59A00E845FF /* Release */ = {
			isa = XCBuildConfiguration;
			buildSettings = {
				CODE_SIGN_STYLE = Automatic;
				DEVELOPMENT_TEAM = UNY6DAB8X7;
				ENABLE_HARDENED_RUNTIME = YES;
				PRODUCT_NAME = "$(TARGET_NAME)";
				SWIFT_VERSION = 5.0;
			};
			name = Release;
		};
/* End XCBuildConfiguration section */

/* Begin XCConfigurationList section */
		C3F558772716F59A00E845FF /* Build configuration list for PBXProject "Lesson22" */ = {
			isa = XCConfigurationList;
			buildConfigurations = (
				C3F558812716F59A00E845FF /* Debug */,
				C3F558822716F59A00E845FF /* Release */,
			);
			defaultConfigurationIsVisible = 0;
			defaultConfigurationName = Release;
		};
		C3F558832716F59A00E845FF /* Build configuration list for PBXNativeTarget "Lesson22" */ = {
			isa = XCConfigurationList;
			buildConfigurations = (
				C3F558842716F59A00E845FF /* Debug */,
				C3F558852716F59A00E845FF /* Release */,
			);
			defaultConfigurationIsVisible = 0;
			defaultConfigurationName = Release;
		};
/* End XCConfigurationList section */
	};
	rootObject = C3F558742716F59A00E845FF /* Project object */;
}
